
Microsoft Visual Studio Solution File, Format Version 12.00
# Visual Studio Version 17
VisualStudioVersion = 17.0.32112.339
MinimumVisualStudioVersion = 10.0.40219.1
Project("{8BC9CEB8-8B4A-11D0-8D11-00A0C91BC942}") = "BlankMat", "BlankMat.vcxproj", "{A91298E5-3373-433D-A441-4D9EF1380EDA}"
EndProject
Global
	GlobalSection(SolutionConfigurationPlatforms) = preSolution
		Debug|x64 = Debug|x64
		Debug|x86 = Debug|x86
		Release|x64 = Release|x64
		Release|x86 = Release|x86
	EndGlobalSection
	GlobalSection(ProjectConfigurationPlatforms) = postSolution
		{A91298E5-3373-433D-A441-4D9EF1380EDA}.Debug|x64.ActiveCfg = Debug|x64
		{A91298E5-3373-433D-A441-4D9EF1380EDA}.Debug|x64.Build.0 = Debug|x64
		{A91298E5-3373-433D-A441-4D9EF1380EDA}.Debug|x86.ActiveCfg = Debug|Win32
		{A91298E5-3373-433D-A441-4D9EF1380EDA}.Debug|x86.Build.0 = Debug|Win32
		{A91298E5-3373-433D-A441-4D9EF1380EDA}.Release|x64.ActiveCfg = Release|x64
		{A91298E5-3373-433D-A441-4D9EF1380EDA}.Release|x64.Build.0 = Release|x64
		{A91298E5-3373-433D-A441-4D9EF1380EDA}.Release|x86.ActiveCfg = Release|Win32
		{A91298E5-3373-433D-A441-4D9EF1380EDA}.Release|x86.Build.0 = Release|Win32
	EndGlobalSection
	GlobalSection(SolutionProperties) = preSolution
		HideSolutionNode = FALSE
	EndGlobalSection
	GlobalSection(ExtensibilityGlobals) = postSolution
		SolutionGuid = {4E15895F-19AF-4297-94CA-D8D561E0A98C}
	EndGlobalSection
EndGlobal
